
Microsoft Visual Studio Solution File, Format Version 12.00
# Visual Studio Version 17
VisualStudioVersion = 17.0.31903.59
MinimumVisualStudioVersion = 10.0.40219.1
Project("{FAE04EC0-301F-11D3-BF4B-00C04F79EFBC}") = "DahuaCameraTestApp", "DahuaCameraTestApp.csproj", "{E6B651C6-9A7A-4B85-8B59-BBB6AF7C1D27}"
EndProject
Global
	GlobalSection(SolutionConfigurationPlatforms) = preSolution
		Debug|x86 = Debug|x86
		Release|x86 = Release|x86
	EndGlobalSection
	GlobalSection(ProjectConfigurationPlatforms) = postSolution
		{E6B651C6-9A7A-4B85-8B59-BBB6AF7C1D27}.Debug|x86.ActiveCfg = Debug|x86
		{E6B651C6-9A7A-4B85-8B59-BBB6AF7C1D27}.Debug|x86.Build.0 = Debug|x86
		{E6B651C6-9A7A-4B85-8B59-BBB6AF7C1D27}.Release|x86.ActiveCfg = Release|x86
		{E6B651C6-9A7A-4B85-8B59-BBB6AF7C1D27}.Release|x86.Build.0 = Release|x86
	EndGlobalSection
	GlobalSection(SolutionProperties) = preSolution
		HideSolutionNode = FALSE
	EndGlobalSection
EndGlobal
